{
  "lockfile_version": "1",
  "packages": {
    "cspell@9.7.0": {
      "last_modified": "2026-03-01T09:58:01Z",
      "resolved": "github:NixOS/nixpkgs/42bbf3e1e000963f4f3f37daa822c67c4d8856c4#cspell",
      "source": "devbox-search",
      "version": "9.7.0",
      "systems": {
        "aarch64-darwin": {
          "outputs": [
            {
              "name": "out",
              "path": "/nix/store/ky6n7qzr3mnh05kx65xd5w8qfddyaj7z-cspell-9.7.0",
              "default": true
            }
          ],
          "store_path": "/nix/store/ky6n7qzr3mnh05kx65xd5w8qfddyaj7z-cspell-9.7.0"
        },
        "aarch64-linux": {
          "outputs": [
            {
              "name": "out",
              "path": "/nix/store/1icjfgliv0vyfqib8radsz2gch2nyzrz-cspell-9.7.0",
              "default": true
            }
          ],
          "store_path": "/nix/store/1icjfgliv0vyfqib8radsz2gch2nyzrz-cspell-9.7.0"
        },
        "x86_64-darwin": {
          "outputs": [
            {
              "name": "out",
              "path": "/nix/store/mrl64s31xmkhn9gzbjgbwrwy8vcmnbwk-cspell-9.7.0",
              "default": true
            }
          ],
          "store_path": "/nix/store/mrl64s31xmkhn9gzbjgbwrwy8vcmnbwk-cspell-9.7.0"
        },
        "x86_64-linux": {
          "outputs": [
            {
              "name": "out",
              "path": "/nix/store/011c1jq39y8p0zbg88lfz4k0c63b9bk0-cspell-9.7.0",
              "default": true
            }
          ],
          "store_path": "/nix/store/011c1jq39y8p0zbg88lfz4k0c63b9bk0-cspell-9.7.0"
        }
      }
    },
    "go@1.26.1": {
      "last_modified": "2026-03-10T02:35:18Z",
      "resolved": "github:NixOS/nixpkgs/e607cb5360ff1234862ac9f8839522becb853bb9#go_1_26",
      "source": "devbox-search",
      "version": "1.26.1",
      "systems": {
        "aarch64-darwin": {
          "outputs": [
            {
              "name": "out",
              "path": "/nix/store/jywi4m1c3l499kb43rykvvl52vds5nsv-go-1.26.1",
              "default": true
            }
          ],
          "store_path": "/nix/store/jywi4m1c3l499kb43rykvvl52vds5nsv-go-1.26.1"
        },
        "aarch64-linux": {
          "outputs": [
            {
              "name": "out",
              "path": "/nix/store/cb97739g243gdznzhbv712mxwi99mbdv-go-1.26.1",
              "default": true
            }
          ],
          "store_path": "/nix/store/cb97739g243gdznzhbv712mxwi99mbdv-go-1.26.1"
        },
        "x86_64-darwin": {
          "outputs": [
            {
              "name": "out",
              "path": "/nix/store/i5acnqwv68r2hcbzwiysklgr1q7qw4gw-go-1.26.1",
              "default": true
            }
          ],
          "store_path": "/nix/store/i5acnqwv68r2hcbzwiysklgr1q7qw4gw-go-1.26.1"
        },
        "x86_64-linux": {
          "outputs": [
            {
              "name": "out",
              "path": "/nix/store/bnv5q7irdqhp63620r8svjm2acfg9swl-go-1.26.1",
              "default": true
            }
          ],
          "store_path": "/nix/store/bnv5q7irdqhp63620r8svjm2acfg9swl-go-1.26.1"
        }
      }
    },
    "golangci-lint@2.11.3": {
      "last_modified": "2026-03-11T04:01:32Z",
      "resolved": "github:NixOS/nixpkgs/b6067cc0127d4db9c26c79e4de0513e58d0c40c9#golangci-lint",
      "source": "devbox-search",
      "version": "2.11.3",
      "systems": {
        "aarch64-darwin": {
          "outputs": [
            {
              "name": "out",
              "path": "/nix/store/zalxgqwyng4jdbv5cpsmm9xbmim9hjjj-golangci-lint-2.11.3",
              "default": true
            }
          ],
          "store_path": "/nix/store/zalxgqwyng4jdbv5cpsmm9xbmim9hjjj-golangci-lint-2.11.3"
        },
        "aarch64-linux": {
          "outputs": [
            {
              "name": "out",
              "path": "/nix/store/mbra9idrmw8f8a4sqv2d0bf6vw8gcmfp-golangci-lint-2.11.3",
              "default": true
            }
          ],
          "store_path": "/nix/store/mbra9idrmw8f8a4sqv2d0bf6vw8gcmfp-golangci-lint-2.11.3"
        },
        "x86_64-darwin": {
          "outputs": [
            {
              "name": "out",
              "path": "/nix/store/ph64c01zwvbr9xvxydxa8ijvbdfax8fy-golangci-lint-2.11.3",
              "default": true
            }
          ],
          "store_path": "/nix/store/ph64c01zwvbr9xvxydxa8ijvbdfax8fy-golangci-lint-2.11.3"
        },
        "x86_64-linux": {
          "outputs": [
            {
              "name": "out",
              "path": "/nix/store/i1xcg5f24w70llk4v6lzi0vi4jf3ma5k-golangci-lint-2.11.3",
              "default": true
            }
          ],
          "store_path": "/nix/store/i1xcg5f24w70llk4v6lzi0vi4jf3ma5k-golangci-lint-2.11.3"
        }
      }
    },
    "gotools@0.34.0": {
      "last_modified": "2025-10-22T20:59:19Z",
      "resolved": "github:NixOS/nixpkgs/01b6809f7f9d1183a2b3e081f0a1e6f8f415cb09#gotools",
      "source": "devbox-search",
      "version": "0.34.0",
      "systems": {
        "aarch64-darwin": {
          "outputs": [
            {
              "name": "out",
              "path": "/nix/store/32rb5avsad08bkcxpjbhcr8n7gjzsz1a-gotools-0.34.0",
              "default": true
            }
          ],
          "store_path": "/nix/store/32rb5avsad08bkcxpjbhcr8n7gjzsz1a-gotools-0.34.0"
        },
        "aarch64-linux": {
          "outputs": [
            {
              "name": "out",
              "path": "/nix/store/9ypq7cwvyv7zdm63fb0g0hzdvmk8pnx9-gotools-0.34.0",
              "default": true
            }
          ],
          "store_path": "/nix/store/9ypq7cwvyv7zdm63fb0g0hzdvmk8pnx9-gotools-0.34.0"
        },
        "x86_64-darwin": {
          "outputs": [
            {
              "name": "out",
              "path": "/nix/store/07yyxbbpql5ppx8kxv81c28yqwm6pi37-gotools-0.34.0",
              "default": true
            }
          ],
          "store_path": "/nix/store/07yyxbbpql5ppx8kxv81c28yqwm6pi37-gotools-0.34.0"
        },
        "x86_64-linux": {
          "outputs": [
            {
              "name": "out",
              "path": "/nix/store/pydkhsylb9n1dwjn78j8gnvg9hbrgza3-gotools-0.34.0",
              "default": true
            }
          ],
          "store_path": "/nix/store/pydkhsylb9n1dwjn78j8gnvg9hbrgza3-gotools-0.34.0"
        }
      }
    },
    "govulncheck@1.1.4": {
      "last_modified": "2025-10-22T20:59:19Z",
      "resolved": "github:NixOS/nixpkgs/01b6809f7f9d1183a2b3e081f0a1e6f8f415cb09#govulncheck",
      "source": "devbox-search",
      "version": "1.1.4",
      "systems": {
        "aarch64-darwin": {
          "outputs": [
            {
              "name": "out",
              "path": "/nix/store/d98frya3iv286mdg6fb4d2qgqs36ryli-govulncheck-1.1.4",
              "default": true
            }
          ],
          "store_path": "/nix/store/d98frya3iv286mdg6fb4d2qgqs36ryli-govulncheck-1.1.4"
        },
        "aarch64-linux": {
          "outputs": [
            {
              "name": "out",
              "path": "/nix/store/vzxhv5yf0r89hlvncb4pmmcdzrp4snj1-govulncheck-1.1.4",
              "default": true
            }
          ],
          "store_path": "/nix/store/vzxhv5yf0r89hlvncb4pmmcdzrp4snj1-govulncheck-1.1.4"
        },
        "x86_64-darwin": {
          "outputs": [
            {
              "name": "out",
              "path": "/nix/store/2nq5v1mj29kzfbyyl17ynvgnaprqcc4z-govulncheck-1.1.4",
              "default": true
            }
          ],
          "store_path": "/nix/store/2nq5v1mj29kzfbyyl17ynvgnaprqcc4z-govulncheck-1.1.4"
        },
        "x86_64-linux": {
          "outputs": [
            {
              "name": "out",
              "path": "/nix/store/nfvnqqylsv45fd7qi5ip5r0apblkpgg1-govulncheck-1.1.4",
              "default": true
            }
          ],
          "store_path": "/nix/store/nfvnqqylsv45fd7qi5ip5r0apblkpgg1-govulncheck-1.1.4"
        }
      }
    },
    "markdownlint-cli@0.48.0": {
      "last_modified": "2026-03-03T16:23:08Z",
      "resolved": "github:NixOS/nixpkgs/87f6b6e02cb3f87a1be4f939326c94c8af9d55d8#markdownlint-cli",
      "source": "devbox-search",
      "version": "0.48.0",
      "systems": {
        "aarch64-darwin": {
          "outputs": [
            {
              "name": "out",
              "path": "/nix/store/19q7y4nbfgkkrr6s8pwgnz6377xw9c7j-markdownlint-cli-0.48.0",
              "default": true
            }
          ],
          "store_path": "/nix/store/19q7y4nbfgkkrr6s8pwgnz6377xw9c7j-markdownlint-cli-0.48.0"
        },
        "aarch64-linux": {
          "outputs": [
            {
              "name": "out",
              "path": "/nix/store/xn1mbr0hycbvgmjpvc19cpzw04w4c0i5-markdownlint-cli-0.48.0",
              "default": true
            }
          ],
          "store_path": "/nix/store/xn1mbr0hycbvgmjpvc19cpzw04w4c0i5-markdownlint-cli-0.48.0"
        },
        "x86_64-darwin": {
          "outputs": [
            {
              "name": "out",
              "path": "/nix/store/711nrz3ssxflv3qschhkhj21xk1zq0df-markdownlint-cli-0.48.0",
              "default": true
            }
          ],
          "store_path": "/nix/store/711nrz3ssxflv3qschhkhj21xk1zq0df-markdownlint-cli-0.48.0"
        },
        "x86_64-linux": {
          "outputs": [
            {
              "name": "out",
              "path": "/nix/store/ddazwp5mnsfp3vd7m6zm6gxhix34s71f-markdownlint-cli-0.48.0",
              "default": true
            }
          ],
          "store_path": "/nix/store/ddazwp5mnsfp3vd7m6zm6gxhix34s71f-markdownlint-cli-0.48.0"
        }
      }
    }
  }
}
