{
  "lockfile_version": "1",
  "packages": {
    "go@1.24.5": {
      "last_modified": "2025-07-28T17:09:23Z",
      "resolved": "github:NixOS/nixpkgs/648f70160c03151bc2121d179291337ad6bc564b#go",
      "source": "devbox-search",
      "version": "1.24.5",
      "systems": {
        "aarch64-darwin": {
          "outputs": [
            {
              "name": "out",
              "path": "/nix/store/kw1vd98s15vj700m3gx2x2xca2z477i3-go-1.24.5",
              "default": true
            }
          ],
          "store_path": "/nix/store/kw1vd98s15vj700m3gx2x2xca2z477i3-go-1.24.5"
        },
        "aarch64-linux": {
          "outputs": [
            {
              "name": "out",
              "path": "/nix/store/5bzlaj0c4mqw9p0zrcx5g9vz16vd45dl-go-1.24.5",
              "default": true
            }
          ],
          "store_path": "/nix/store/5bzlaj0c4mqw9p0zrcx5g9vz16vd45dl-go-1.24.5"
        },
        "x86_64-darwin": {
          "outputs": [
            {
              "name": "out",
              "path": "/nix/store/b72n20ixzl5ja9vciwahkr30bhmsn5jc-go-1.24.5",
              "default": true
            }
          ],
          "store_path": "/nix/store/b72n20ixzl5ja9vciwahkr30bhmsn5jc-go-1.24.5"
        },
        "x86_64-linux": {
          "outputs": [
            {
              "name": "out",
              "path": "/nix/store/y4awwzp30ka130wmjrpaqjmjdf9p010w-go-1.24.5",
              "default": true
            }
          ],
          "store_path": "/nix/store/y4awwzp30ka130wmjrpaqjmjdf9p010w-go-1.24.5"
        }
      }
    },
    "gofumpt@0.9.1": {
      "last_modified": "2025-09-19T06:08:23Z",
      "resolved": "github:NixOS/nixpkgs/12bd230118a1901a4a5d393f9f56b6ad7e571d01#gofumpt",
      "source": "devbox-search",
      "version": "0.9.1",
      "systems": {
        "aarch64-darwin": {
          "outputs": [
            {
              "name": "out",
              "path": "/nix/store/79i6ywhyqka9l3cjjbds85gbj2h28y37-gofumpt-0.9.1",
              "default": true
            }
          ],
          "store_path": "/nix/store/79i6ywhyqka9l3cjjbds85gbj2h28y37-gofumpt-0.9.1"
        },
        "aarch64-linux": {
          "outputs": [
            {
              "name": "out",
              "path": "/nix/store/ax9c209kz5cmx34k6mxq6jy14l076r6l-gofumpt-0.9.1",
              "default": true
            }
          ],
          "store_path": "/nix/store/ax9c209kz5cmx34k6mxq6jy14l076r6l-gofumpt-0.9.1"
        },
        "x86_64-darwin": {
          "outputs": [
            {
              "name": "out",
              "path": "/nix/store/x8f6560gc2w24gpd0qw9hxshm1l1z95m-gofumpt-0.9.1",
              "default": true
            }
          ],
          "store_path": "/nix/store/x8f6560gc2w24gpd0qw9hxshm1l1z95m-gofumpt-0.9.1"
        },
        "x86_64-linux": {
          "outputs": [
            {
              "name": "out",
              "path": "/nix/store/fkbyd1l6d808kmzr4l5gxbka9n2n00k2-gofumpt-0.9.1",
              "default": true
            }
          ],
          "store_path": "/nix/store/fkbyd1l6d808kmzr4l5gxbka9n2n00k2-gofumpt-0.9.1"
        }
      }
    },
    "golangci-lint@1.64.8": {
      "last_modified": "2025-03-23T14:04:58Z",
      "resolved": "github:NixOS/nixpkgs/f3a2a0601e9669a6e38af25b46ce6c4563bcb6da#golangci-lint",
      "source": "devbox-search",
      "version": "1.64.8",
      "systems": {
        "aarch64-darwin": {
          "outputs": [
            {
              "name": "out",
              "path": "/nix/store/8142ildg0bp11j0ssdc77il5rxv25sm8-golangci-lint-1.64.8",
              "default": true
            }
          ],
          "store_path": "/nix/store/8142ildg0bp11j0ssdc77il5rxv25sm8-golangci-lint-1.64.8"
        },
        "aarch64-linux": {
          "outputs": [
            {
              "name": "out",
              "path": "/nix/store/pl31v3jjbrf8l0ll7xg40dw3s2xgxbaa-golangci-lint-1.64.8",
              "default": true
            }
          ],
          "store_path": "/nix/store/pl31v3jjbrf8l0ll7xg40dw3s2xgxbaa-golangci-lint-1.64.8"
        },
        "x86_64-darwin": {
          "outputs": [
            {
              "name": "out",
              "path": "/nix/store/0lz3b95c0y9mh95dl0jyiyn76fjxq3yf-golangci-lint-1.64.8",
              "default": true
            }
          ],
          "store_path": "/nix/store/0lz3b95c0y9mh95dl0jyiyn76fjxq3yf-golangci-lint-1.64.8"
        },
        "x86_64-linux": {
          "outputs": [
            {
              "name": "out",
              "path": "/nix/store/9xz2x85fpbblk2mpwj54azimxx4cvkb1-golangci-lint-1.64.8",
              "default": true
            }
          ],
          "store_path": "/nix/store/9xz2x85fpbblk2mpwj54azimxx4cvkb1-golangci-lint-1.64.8"
        }
      }
    },
    "golines@0.12": {
      "last_modified": "2025-03-11T17:52:14Z",
      "resolved": "github:NixOS/nixpkgs/0d534853a55b5d02a4ababa1d71921ce8f0aee4c#golines",
      "source": "devbox-search",
      "version": "0.12.2",
      "systems": {
        "aarch64-darwin": {
          "outputs": [
            {
              "name": "out",
              "path": "/nix/store/21wizpfih1hcixgzdj11i72zc42asgcb-golines-0.12.2",
              "default": true
            }
          ],
          "store_path": "/nix/store/21wizpfih1hcixgzdj11i72zc42asgcb-golines-0.12.2"
        },
        "aarch64-linux": {
          "outputs": [
            {
              "name": "out",
              "path": "/nix/store/252k0da68p7ja69z57v1n2d137hbvf5r-golines-0.12.2",
              "default": true
            }
          ],
          "store_path": "/nix/store/252k0da68p7ja69z57v1n2d137hbvf5r-golines-0.12.2"
        },
        "x86_64-darwin": {
          "outputs": [
            {
              "name": "out",
              "path": "/nix/store/9m9ckjl3h4gfraynv3aahar31hyn8hry-golines-0.12.2",
              "default": true
            }
          ],
          "store_path": "/nix/store/9m9ckjl3h4gfraynv3aahar31hyn8hry-golines-0.12.2"
        },
        "x86_64-linux": {
          "outputs": [
            {
              "name": "out",
              "path": "/nix/store/s3bvnsxw4x06kkysfbzzlmn1w5j36hp7-golines-0.12.2",
              "default": true
            }
          ],
          "store_path": "/nix/store/s3bvnsxw4x06kkysfbzzlmn1w5j36hp7-golines-0.12.2"
        }
      }
    },
    "gosec@latest": {
      "last_modified": "2025-03-11T17:52:14Z",
      "resolved": "github:NixOS/nixpkgs/0d534853a55b5d02a4ababa1d71921ce8f0aee4c#gosec",
      "source": "devbox-search",
      "version": "2.22.2",
      "systems": {
        "aarch64-darwin": {
          "outputs": [
            {
              "name": "out",
              "path": "/nix/store/2z5fc05vm8sdahczfvmbqwpgnlsyvijy-gosec-2.22.2",
              "default": true
            }
          ],
          "store_path": "/nix/store/2z5fc05vm8sdahczfvmbqwpgnlsyvijy-gosec-2.22.2"
        },
        "aarch64-linux": {
          "outputs": [
            {
              "name": "out",
              "path": "/nix/store/nad1baax6p7yczvbbzfggfirlvkxg1yv-gosec-2.22.2",
              "default": true
            }
          ],
          "store_path": "/nix/store/nad1baax6p7yczvbbzfggfirlvkxg1yv-gosec-2.22.2"
        },
        "x86_64-darwin": {
          "outputs": [
            {
              "name": "out",
              "path": "/nix/store/mzfy6ncd9m7wm5s8fkr01cn668n08c7r-gosec-2.22.2",
              "default": true
            }
          ],
          "store_path": "/nix/store/mzfy6ncd9m7wm5s8fkr01cn668n08c7r-gosec-2.22.2"
        },
        "x86_64-linux": {
          "outputs": [
            {
              "name": "out",
              "path": "/nix/store/dwqw54b7hmvj2lw6i01c8kc05y1bl2bl-gosec-2.22.2",
              "default": true
            }
          ],
          "store_path": "/nix/store/dwqw54b7hmvj2lw6i01c8kc05y1bl2bl-gosec-2.22.2"
        }
      }
    },
    "gotools@0.34.0": {
      "last_modified": "2025-06-17T01:11:27Z",
      "resolved": "github:NixOS/nixpkgs/c539ae8d21e49776966d714f82fba33b1fca78bc#gotools",
      "source": "devbox-search",
      "version": "0.34.0",
      "systems": {
        "aarch64-darwin": {
          "outputs": [
            {
              "name": "out",
              "path": "/nix/store/nfzm3xhkpy4hy2by3rkqigfsr7gi6ask-gotools-0.34.0",
              "default": true
            }
          ],
          "store_path": "/nix/store/nfzm3xhkpy4hy2by3rkqigfsr7gi6ask-gotools-0.34.0"
        },
        "aarch64-linux": {
          "outputs": [
            {
              "name": "out",
              "path": "/nix/store/qcybjhya89vk0sbvx17y2cy26hz5cnw5-gotools-0.34.0",
              "default": true
            }
          ],
          "store_path": "/nix/store/qcybjhya89vk0sbvx17y2cy26hz5cnw5-gotools-0.34.0"
        },
        "x86_64-darwin": {
          "outputs": [
            {
              "name": "out",
              "path": "/nix/store/z93y0jyhb42ad47x82669x682p4shljv-gotools-0.34.0",
              "default": true
            }
          ],
          "store_path": "/nix/store/z93y0jyhb42ad47x82669x682p4shljv-gotools-0.34.0"
        },
        "x86_64-linux": {
          "outputs": [
            {
              "name": "out",
              "path": "/nix/store/0286ripm24a4dl0rq5znxfna7nssnkaq-gotools-0.34.0",
              "default": true
            }
          ],
          "store_path": "/nix/store/0286ripm24a4dl0rq5znxfna7nssnkaq-gotools-0.34.0"
        }
      }
    },
    "govulncheck@1.1.4": {
      "last_modified": "2025-05-06T08:06:31Z",
      "resolved": "github:NixOS/nixpkgs/1cb1c02a6b1b7cf67e3d7731cbbf327a53da9679#govulncheck",
      "source": "devbox-search",
      "version": "1.1.4",
      "systems": {
        "aarch64-darwin": {
          "outputs": [
            {
              "name": "out",
              "path": "/nix/store/iimidywpxf9sj458la3f0iczczzxihv4-govulncheck-1.1.4",
              "default": true
            }
          ],
          "store_path": "/nix/store/iimidywpxf9sj458la3f0iczczzxihv4-govulncheck-1.1.4"
        },
        "aarch64-linux": {
          "outputs": [
            {
              "name": "out",
              "path": "/nix/store/nd78h9zfv8gi0rd5zq6qln392jjd7kqk-govulncheck-1.1.4",
              "default": true
            }
          ],
          "store_path": "/nix/store/nd78h9zfv8gi0rd5zq6qln392jjd7kqk-govulncheck-1.1.4"
        },
        "x86_64-darwin": {
          "outputs": [
            {
              "name": "out",
              "path": "/nix/store/fb3m8b0wf2pq656pkwskm0dps35a9nzv-govulncheck-1.1.4",
              "default": true
            }
          ],
          "store_path": "/nix/store/fb3m8b0wf2pq656pkwskm0dps35a9nzv-govulncheck-1.1.4"
        },
        "x86_64-linux": {
          "outputs": [
            {
              "name": "out",
              "path": "/nix/store/cn8gcpsyw1l3ap5lznddfarylaz853dq-govulncheck-1.1.4",
              "default": true
            }
          ],
          "store_path": "/nix/store/cn8gcpsyw1l3ap5lznddfarylaz853dq-govulncheck-1.1.4"
        }
      }
    },
    "yarn@1.22.22": {
      "last_modified": "2025-07-28T17:09:23Z",
      "resolved": "github:NixOS/nixpkgs/648f70160c03151bc2121d179291337ad6bc564b#yarn",
      "source": "devbox-search",
      "version": "1.22.22",
      "systems": {
        "aarch64-darwin": {
          "outputs": [
            {
              "name": "out",
              "path": "/nix/store/2hb4yl033wym7imkbzydgxfyfn5r8024-yarn-1.22.22",
              "default": true
            }
          ],
          "store_path": "/nix/store/2hb4yl033wym7imkbzydgxfyfn5r8024-yarn-1.22.22"
        },
        "aarch64-linux": {
          "outputs": [
            {
              "name": "out",
              "path": "/nix/store/7ibx5w03lkpfrab4isvndqxnx4g3w0h6-yarn-1.22.22",
              "default": true
            }
          ],
          "store_path": "/nix/store/7ibx5w03lkpfrab4isvndqxnx4g3w0h6-yarn-1.22.22"
        },
        "x86_64-darwin": {
          "outputs": [
            {
              "name": "out",
              "path": "/nix/store/0khfcbpw9vhq2lz9nf6mgnsz2fw365x7-yarn-1.22.22",
              "default": true
            }
          ],
          "store_path": "/nix/store/0khfcbpw9vhq2lz9nf6mgnsz2fw365x7-yarn-1.22.22"
        },
        "x86_64-linux": {
          "outputs": [
            {
              "name": "out",
              "path": "/nix/store/99i6m5dmg2q0g44b0gpmwz92g00wk7ma-yarn-1.22.22",
              "default": true
            }
          ],
          "store_path": "/nix/store/99i6m5dmg2q0g44b0gpmwz92g00wk7ma-yarn-1.22.22"
        }
      }
    }
  }
}
