{
  "lockfile_version": "1",
  "packages": {
    "go@1.24.3": {
      "last_modified": "2025-05-16T20:19:48Z",
      "resolved": "github:NixOS/nixpkgs/12a55407652e04dcf2309436eb06fef0d3713ef3#go",
      "source": "devbox-search",
      "version": "1.24.3",
      "systems": {
        "aarch64-darwin": {
          "outputs": [
            {
              "name": "out",
              "path": "/nix/store/ps3admpzmc1ryvn9q7sw5xfd94dkrb3f-go-1.24.3",
              "default": true
            }
          ],
          "store_path": "/nix/store/ps3admpzmc1ryvn9q7sw5xfd94dkrb3f-go-1.24.3"
        },
        "aarch64-linux": {
          "outputs": [
            {
              "name": "out",
              "path": "/nix/store/45bnqhyyq40p91k3cjw0farx3hn1swx6-go-1.24.3",
              "default": true
            }
          ],
          "store_path": "/nix/store/45bnqhyyq40p91k3cjw0farx3hn1swx6-go-1.24.3"
        },
        "x86_64-darwin": {
          "outputs": [
            {
              "name": "out",
              "path": "/nix/store/9z2kb6hxij7pqi0fgcn9ijhpb7ajpazs-go-1.24.3",
              "default": true
            }
          ],
          "store_path": "/nix/store/9z2kb6hxij7pqi0fgcn9ijhpb7ajpazs-go-1.24.3"
        },
        "x86_64-linux": {
          "outputs": [
            {
              "name": "out",
              "path": "/nix/store/5xvi25nqmbrg58aixp4zgczilfnp7pwg-go-1.24.3",
              "default": true
            }
          ],
          "store_path": "/nix/store/5xvi25nqmbrg58aixp4zgczilfnp7pwg-go-1.24.3"
        }
      }
    },
    "gofumpt@0.8.0": {
      "last_modified": "2025-05-06T08:06:31Z",
      "resolved": "github:NixOS/nixpkgs/1cb1c02a6b1b7cf67e3d7731cbbf327a53da9679#gofumpt",
      "source": "devbox-search",
      "version": "0.8.0",
      "systems": {
        "aarch64-darwin": {
          "outputs": [
            {
              "name": "out",
              "path": "/nix/store/mvv98c7nz3pf8aygvpflrfflgm8v24m5-gofumpt-0.8.0",
              "default": true
            }
          ],
          "store_path": "/nix/store/mvv98c7nz3pf8aygvpflrfflgm8v24m5-gofumpt-0.8.0"
        },
        "aarch64-linux": {
          "outputs": [
            {
              "name": "out",
              "path": "/nix/store/i2a86djb0gkb9d3pqikkm38cmkslf85p-gofumpt-0.8.0",
              "default": true
            }
          ],
          "store_path": "/nix/store/i2a86djb0gkb9d3pqikkm38cmkslf85p-gofumpt-0.8.0"
        },
        "x86_64-darwin": {
          "outputs": [
            {
              "name": "out",
              "path": "/nix/store/b46f63s8pyx8k54bahzvz79c11jsvb6f-gofumpt-0.8.0",
              "default": true
            }
          ],
          "store_path": "/nix/store/b46f63s8pyx8k54bahzvz79c11jsvb6f-gofumpt-0.8.0"
        },
        "x86_64-linux": {
          "outputs": [
            {
              "name": "out",
              "path": "/nix/store/lv07ds1py5334bin7dz4hicn55b8n46m-gofumpt-0.8.0",
              "default": true
            }
          ],
          "store_path": "/nix/store/lv07ds1py5334bin7dz4hicn55b8n46m-gofumpt-0.8.0"
        }
      }
    },
    "golangci-lint@1.64.8": {
      "last_modified": "2025-03-23T14:04:58Z",
      "resolved": "github:NixOS/nixpkgs/f3a2a0601e9669a6e38af25b46ce6c4563bcb6da#golangci-lint",
      "source": "devbox-search",
      "version": "1.64.8",
      "systems": {
        "aarch64-darwin": {
          "outputs": [
            {
              "name": "out",
              "path": "/nix/store/8142ildg0bp11j0ssdc77il5rxv25sm8-golangci-lint-1.64.8",
              "default": true
            }
          ],
          "store_path": "/nix/store/8142ildg0bp11j0ssdc77il5rxv25sm8-golangci-lint-1.64.8"
        },
        "aarch64-linux": {
          "outputs": [
            {
              "name": "out",
              "path": "/nix/store/pl31v3jjbrf8l0ll7xg40dw3s2xgxbaa-golangci-lint-1.64.8",
              "default": true
            }
          ],
          "store_path": "/nix/store/pl31v3jjbrf8l0ll7xg40dw3s2xgxbaa-golangci-lint-1.64.8"
        },
        "x86_64-darwin": {
          "outputs": [
            {
              "name": "out",
              "path": "/nix/store/0lz3b95c0y9mh95dl0jyiyn76fjxq3yf-golangci-lint-1.64.8",
              "default": true
            }
          ],
          "store_path": "/nix/store/0lz3b95c0y9mh95dl0jyiyn76fjxq3yf-golangci-lint-1.64.8"
        },
        "x86_64-linux": {
          "outputs": [
            {
              "name": "out",
              "path": "/nix/store/9xz2x85fpbblk2mpwj54azimxx4cvkb1-golangci-lint-1.64.8",
              "default": true
            }
          ],
          "store_path": "/nix/store/9xz2x85fpbblk2mpwj54azimxx4cvkb1-golangci-lint-1.64.8"
        }
      }
    },
    "golines@0.12": {
      "last_modified": "2025-03-11T17:52:14Z",
      "resolved": "github:NixOS/nixpkgs/0d534853a55b5d02a4ababa1d71921ce8f0aee4c#golines",
      "source": "devbox-search",
      "version": "0.12.2",
      "systems": {
        "aarch64-darwin": {
          "outputs": [
            {
              "name": "out",
              "path": "/nix/store/21wizpfih1hcixgzdj11i72zc42asgcb-golines-0.12.2",
              "default": true
            }
          ],
          "store_path": "/nix/store/21wizpfih1hcixgzdj11i72zc42asgcb-golines-0.12.2"
        },
        "aarch64-linux": {
          "outputs": [
            {
              "name": "out",
              "path": "/nix/store/252k0da68p7ja69z57v1n2d137hbvf5r-golines-0.12.2",
              "default": true
            }
          ],
          "store_path": "/nix/store/252k0da68p7ja69z57v1n2d137hbvf5r-golines-0.12.2"
        },
        "x86_64-darwin": {
          "outputs": [
            {
              "name": "out",
              "path": "/nix/store/9m9ckjl3h4gfraynv3aahar31hyn8hry-golines-0.12.2",
              "default": true
            }
          ],
          "store_path": "/nix/store/9m9ckjl3h4gfraynv3aahar31hyn8hry-golines-0.12.2"
        },
        "x86_64-linux": {
          "outputs": [
            {
              "name": "out",
              "path": "/nix/store/s3bvnsxw4x06kkysfbzzlmn1w5j36hp7-golines-0.12.2",
              "default": true
            }
          ],
          "store_path": "/nix/store/s3bvnsxw4x06kkysfbzzlmn1w5j36hp7-golines-0.12.2"
        }
      }
    },
    "gosec@latest": {
      "last_modified": "2025-03-11T17:52:14Z",
      "resolved": "github:NixOS/nixpkgs/0d534853a55b5d02a4ababa1d71921ce8f0aee4c#gosec",
      "source": "devbox-search",
      "version": "2.22.2",
      "systems": {
        "aarch64-darwin": {
          "outputs": [
            {
              "name": "out",
              "path": "/nix/store/2z5fc05vm8sdahczfvmbqwpgnlsyvijy-gosec-2.22.2",
              "default": true
            }
          ],
          "store_path": "/nix/store/2z5fc05vm8sdahczfvmbqwpgnlsyvijy-gosec-2.22.2"
        },
        "aarch64-linux": {
          "outputs": [
            {
              "name": "out",
              "path": "/nix/store/nad1baax6p7yczvbbzfggfirlvkxg1yv-gosec-2.22.2",
              "default": true
            }
          ],
          "store_path": "/nix/store/nad1baax6p7yczvbbzfggfirlvkxg1yv-gosec-2.22.2"
        },
        "x86_64-darwin": {
          "outputs": [
            {
              "name": "out",
              "path": "/nix/store/mzfy6ncd9m7wm5s8fkr01cn668n08c7r-gosec-2.22.2",
              "default": true
            }
          ],
          "store_path": "/nix/store/mzfy6ncd9m7wm5s8fkr01cn668n08c7r-gosec-2.22.2"
        },
        "x86_64-linux": {
          "outputs": [
            {
              "name": "out",
              "path": "/nix/store/dwqw54b7hmvj2lw6i01c8kc05y1bl2bl-gosec-2.22.2",
              "default": true
            }
          ],
          "store_path": "/nix/store/dwqw54b7hmvj2lw6i01c8kc05y1bl2bl-gosec-2.22.2"
        }
      }
    },
    "gotools@0.30": {
      "last_modified": "2025-03-23T05:31:05Z",
      "resolved": "github:NixOS/nixpkgs/dd613136ee91f67e5dba3f3f41ac99ae89c5406b#gotools",
      "source": "devbox-search",
      "version": "0.30.0",
      "systems": {
        "aarch64-darwin": {
          "outputs": [
            {
              "name": "out",
              "path": "/nix/store/3kknkbvgi9is1366ghblbdad58pvy4zb-gotools-0.30.0",
              "default": true
            }
          ],
          "store_path": "/nix/store/3kknkbvgi9is1366ghblbdad58pvy4zb-gotools-0.30.0"
        },
        "aarch64-linux": {
          "outputs": [
            {
              "name": "out",
              "path": "/nix/store/h00lmbxhxch40p4r0zm12jswbmrmjz81-gotools-0.30.0",
              "default": true
            }
          ],
          "store_path": "/nix/store/h00lmbxhxch40p4r0zm12jswbmrmjz81-gotools-0.30.0"
        },
        "x86_64-darwin": {
          "outputs": [
            {
              "name": "out",
              "path": "/nix/store/lgc76pjfqvwc5fyylr6629fcqlfssimk-gotools-0.30.0",
              "default": true
            }
          ],
          "store_path": "/nix/store/lgc76pjfqvwc5fyylr6629fcqlfssimk-gotools-0.30.0"
        },
        "x86_64-linux": {
          "outputs": [
            {
              "name": "out",
              "path": "/nix/store/57c0b5wrwsm7r7f8vj7jnm57jajllfy7-gotools-0.30.0",
              "default": true
            }
          ],
          "store_path": "/nix/store/57c0b5wrwsm7r7f8vj7jnm57jajllfy7-gotools-0.30.0"
        }
      }
    },
    "govulncheck@1.1.4": {
      "last_modified": "2025-05-06T08:06:31Z",
      "resolved": "github:NixOS/nixpkgs/1cb1c02a6b1b7cf67e3d7731cbbf327a53da9679#govulncheck",
      "source": "devbox-search",
      "version": "1.1.4",
      "systems": {
        "aarch64-darwin": {
          "outputs": [
            {
              "name": "out",
              "path": "/nix/store/iimidywpxf9sj458la3f0iczczzxihv4-govulncheck-1.1.4",
              "default": true
            }
          ],
          "store_path": "/nix/store/iimidywpxf9sj458la3f0iczczzxihv4-govulncheck-1.1.4"
        },
        "aarch64-linux": {
          "outputs": [
            {
              "name": "out",
              "path": "/nix/store/nd78h9zfv8gi0rd5zq6qln392jjd7kqk-govulncheck-1.1.4",
              "default": true
            }
          ],
          "store_path": "/nix/store/nd78h9zfv8gi0rd5zq6qln392jjd7kqk-govulncheck-1.1.4"
        },
        "x86_64-darwin": {
          "outputs": [
            {
              "name": "out",
              "path": "/nix/store/fb3m8b0wf2pq656pkwskm0dps35a9nzv-govulncheck-1.1.4",
              "default": true
            }
          ],
          "store_path": "/nix/store/fb3m8b0wf2pq656pkwskm0dps35a9nzv-govulncheck-1.1.4"
        },
        "x86_64-linux": {
          "outputs": [
            {
              "name": "out",
              "path": "/nix/store/cn8gcpsyw1l3ap5lznddfarylaz853dq-govulncheck-1.1.4",
              "default": true
            }
          ],
          "store_path": "/nix/store/cn8gcpsyw1l3ap5lznddfarylaz853dq-govulncheck-1.1.4"
        }
      }
    },
    "yarn@1.22": {
      "last_modified": "2025-03-11T17:52:14Z",
      "resolved": "github:NixOS/nixpkgs/0d534853a55b5d02a4ababa1d71921ce8f0aee4c#yarn",
      "source": "devbox-search",
      "version": "1.22.22",
      "systems": {
        "aarch64-darwin": {
          "outputs": [
            {
              "name": "out",
              "path": "/nix/store/bgyc68xwc81pcwkcfn9n9zngs794y826-yarn-1.22.22",
              "default": true
            }
          ],
          "store_path": "/nix/store/bgyc68xwc81pcwkcfn9n9zngs794y826-yarn-1.22.22"
        },
        "aarch64-linux": {
          "outputs": [
            {
              "name": "out",
              "path": "/nix/store/sikfg44rhj0rs8r1c13p8wyckhbqgfl2-yarn-1.22.22",
              "default": true
            }
          ],
          "store_path": "/nix/store/sikfg44rhj0rs8r1c13p8wyckhbqgfl2-yarn-1.22.22"
        },
        "x86_64-darwin": {
          "outputs": [
            {
              "name": "out",
              "path": "/nix/store/89vnq3drx97khmvd3bhd0cd9yj5pnxr7-yarn-1.22.22",
              "default": true
            }
          ],
          "store_path": "/nix/store/89vnq3drx97khmvd3bhd0cd9yj5pnxr7-yarn-1.22.22"
        },
        "x86_64-linux": {
          "outputs": [
            {
              "name": "out",
              "path": "/nix/store/wsw5shzh91x7vzqm9lbivd3rm64xa1ps-yarn-1.22.22",
              "default": true
            }
          ],
          "store_path": "/nix/store/wsw5shzh91x7vzqm9lbivd3rm64xa1ps-yarn-1.22.22"
        }
      }
    }
  }
}
